// !$*UTF8*$!
{
	archiveVersion = 1;
	classes = {
	};
	objectVersion = 55;
	objects = {

/* Begin PBXBuildFile section */
		39586BF828A45BFC003775D2 /* AppDelegate.swift in Sources */ = {isa = PBXBuildFile; fileRef = 39586BF728A45BFC003775D2 /* AppDelegate.swift */; };
		39586BFA28A45BFC003775D2 /* SceneDelegate.swift in Sources */ = {isa = PBXBuildFile; fileRef = 39586BF928A45BFC003775D2 /* SceneDelegate.swift */; };
		39586BFC28A45BFC003775D2 /* ViewController.swift in Sources */ = {isa = PBXBuildFile; fileRef = 39586BFB28A45BFC003775D2 /* ViewController.swift */; };
		39586BFF28A45BFC003775D2 /* Main.storyboard in Resources */ = {isa = PBXBuildFile; fileRef = 39586BFD28A45BFC003775D2 /* Main.storyboard */; };
		39586C0128A45C01003775D2 /* Assets.xcassets in Resources */ = {isa = PBXBuildFile; fileRef = 39586C0028A45C01003775D2 /* Assets.xcassets */; };
		39586C0428A45C01003775D2 /* LaunchScreen.storyboard in Resources */ = {isa = PBXBuildFile; fileRef = 39586C0228A45C01003775D2 /* LaunchScreen.storyboard */; };
		39586C0F28A4AD89003775D2 /* HomeView.swift in Sources */ = {isa = PBXBuildFile; fileRef = 39586C0E28A4AD89003775D2 /* HomeView.swift */; };
		39586C1128A4AD94003775D2 /* HomeInteractor.swift in Sources */ = {isa = PBXBuildFile; fileRef = 39586C1028A4AD94003775D2 /* HomeInteractor.swift */; };
		39586C1328A4AD9C003775D2 /* HomePresenter.swift in Sources */ = {isa = PBXBuildFile; fileRef = 39586C1228A4AD9C003775D2 /* HomePresenter.swift */; };
		39586C1828A4ADDA003775D2 /* ArticleView.swift in Sources */ = {isa = PBXBuildFile; fileRef = 39586C1728A4ADDA003775D2 /* ArticleView.swift */; };
		39586C1A28A4ADF3003775D2 /* ArticleInteractor.swift in Sources */ = {isa = PBXBuildFile; fileRef = 39586C1928A4ADF3003775D2 /* ArticleInteractor.swift */; };
		39586C1C28A4ADFA003775D2 /* ArticlePresenter.swift in Sources */ = {isa = PBXBuildFile; fileRef = 39586C1B28A4ADFA003775D2 /* ArticlePresenter.swift */; };
		39586C1E28A4AF38003775D2 /* ArticleCoordinator.swift in Sources */ = {isa = PBXBuildFile; fileRef = 39586C1D28A4AF38003775D2 /* ArticleCoordinator.swift */; };
/* End PBXBuildFile section */

/* Begin PBXFileReference section */
		39586BF428A45BFC003775D2 /* teste-ios.app */ = {isa = PBXFileReference; explicitFileType = wrapper.application; includeInIndex = 0; path = "teste-ios.app"; sourceTree = BUILT_PRODUCTS_DIR; };
		39586BF728A45BFC003775D2 /* AppDelegate.swift */ = {isa = PBXFileReference; lastKnownFileType = sourcecode.swift; path = AppDelegate.swift; sourceTree = "<group>"; };
		39586BF928A45BFC003775D2 /* SceneDelegate.swift */ = {isa = PBXFileReference; lastKnownFileType = sourcecode.swift; path = SceneDelegate.swift; sourceTree = "<group>"; };
		39586BFB28A45BFC003775D2 /* ViewController.swift */ = {isa = PBXFileReference; lastKnownFileType = sourcecode.swift; path = ViewController.swift; sourceTree = "<group>"; };
		39586BFE28A45BFC003775D2 /* Base */ = {isa = PBXFileReference; lastKnownFileType = file.storyboard; name = Base; path = Base.lproj/Main.storyboard; sourceTree = "<group>"; };
		39586C0028A45C01003775D2 /* Assets.xcassets */ = {isa = PBXFileReference; lastKnownFileType = folder.assetcatalog; path = Assets.xcassets; sourceTree = "<group>"; };
		39586C0328A45C01003775D2 /* Base */ = {isa = PBXFileReference; lastKnownFileType = file.storyboard; name = Base; path = Base.lproj/LaunchScreen.storyboard; sourceTree = "<group>"; };
		39586C0528A45C01003775D2 /* Info.plist */ = {isa = PBXFileReference; lastKnownFileType = text.plist.xml; path = Info.plist; sourceTree = "<group>"; };
		39586C0E28A4AD89003775D2 /* HomeView.swift */ = {isa = PBXFileReference; lastKnownFileType = sourcecode.swift; path = HomeView.swift; sourceTree = "<group>"; };
		39586C1028A4AD94003775D2 /* HomeInteractor.swift */ = {isa = PBXFileReference; lastKnownFileType = sourcecode.swift; path = HomeInteractor.swift; sourceTree = "<group>"; };
		39586C1228A4AD9C003775D2 /* HomePresenter.swift */ = {isa = PBXFileReference; lastKnownFileType = sourcecode.swift; path = HomePresenter.swift; sourceTree = "<group>"; };
		39586C1728A4ADDA003775D2 /* ArticleView.swift */ = {isa = PBXFileReference; lastKnownFileType = sourcecode.swift; path = ArticleView.swift; sourceTree = "<group>"; };
		39586C1928A4ADF3003775D2 /* ArticleInteractor.swift */ = {isa = PBXFileReference; lastKnownFileType = sourcecode.swift; path = ArticleInteractor.swift; sourceTree = "<group>"; };
		39586C1B28A4ADFA003775D2 /* ArticlePresenter.swift */ = {isa = PBXFileReference; lastKnownFileType = sourcecode.swift; path = ArticlePresenter.swift; sourceTree = "<group>"; };
		39586C1D28A4AF38003775D2 /* ArticleCoordinator.swift */ = {isa = PBXFileReference; lastKnownFileType = sourcecode.swift; path = ArticleCoordinator.swift; sourceTree = "<group>"; };
/* End PBXFileReference section */

/* Begin PBXFrameworksBuildPhase section */
		39586BF128A45BFC003775D2 /* Frameworks */ = {
			isa = PBXFrameworksBuildPhase;
			buildActionMask = 2147483647;
			files = (
			);
			runOnlyForDeploymentPostprocessing = 0;
		};
/* End PBXFrameworksBuildPhase section */

/* Begin PBXGroup section */
		39586BEB28A45BFC003775D2 = {
			isa = PBXGroup;
			children = (
				39586BF628A45BFC003775D2 /* teste-ios */,
				39586BF528A45BFC003775D2 /* Products */,
			);
			sourceTree = "<group>";
		};
		39586BF528A45BFC003775D2 /* Products */ = {
			isa = PBXGroup;
			children = (
				39586BF428A45BFC003775D2 /* teste-ios.app */,
			);
			name = Products;
			sourceTree = "<group>";
		};
		39586BF628A45BFC003775D2 /* teste-ios */ = {
			isa = PBXGroup;
			children = (
				39586C0B28A4AD1D003775D2 /* modules */,
				39586BF728A45BFC003775D2 /* AppDelegate.swift */,
				39586BF928A45BFC003775D2 /* SceneDelegate.swift */,
				39586BFB28A45BFC003775D2 /* ViewController.swift */,
				39586BFD28A45BFC003775D2 /* Main.storyboard */,
				39586C0028A45C01003775D2 /* Assets.xcassets */,
				39586C0228A45C01003775D2 /* LaunchScreen.storyboard */,
				39586C0528A45C01003775D2 /* Info.plist */,
			);
			path = "teste-ios";
			sourceTree = "<group>";
		};
		39586C0B28A4AD1D003775D2 /* modules */ = {
			isa = PBXGroup;
			children = (
				39586C1428A4ADC1003775D2 /* article */,
				39586C0C28A4AD6A003775D2 /* home */,
			);
			path = modules;
			sourceTree = "<group>";
		};
		39586C0C28A4AD6A003775D2 /* home */ = {
			isa = PBXGroup;
			children = (
				39586C0E28A4AD89003775D2 /* HomeView.swift */,
				39586C1028A4AD94003775D2 /* HomeInteractor.swift */,
				39586C1228A4AD9C003775D2 /* HomePresenter.swift */,
			);
			path = home;
			sourceTree = "<group>";
		};
		39586C1428A4ADC1003775D2 /* article */ = {
			isa = PBXGroup;
			children = (
				39586C1728A4ADDA003775D2 /* ArticleView.swift */,
				39586C1928A4ADF3003775D2 /* ArticleInteractor.swift */,
				39586C1B28A4ADFA003775D2 /* ArticlePresenter.swift */,
				39586C1D28A4AF38003775D2 /* ArticleCoordinator.swift */,
			);
			path = article;
			sourceTree = "<group>";
		};
/* End PBXGroup section */

/* Begin PBXNativeTarget section */
		39586BF328A45BFC003775D2 /* teste-ios */ = {
			isa = PBXNativeTarget;
			buildConfigurationList = 39586C0828A45C01003775D2 /* Build configuration list for PBXNativeTarget "teste-ios" */;
			buildPhases = (
				39586BF028A45BFC003775D2 /* Sources */,
				39586BF128A45BFC003775D2 /* Frameworks */,
				39586BF228A45BFC003775D2 /* Resources */,
			);
			buildRules = (
			);
			dependencies = (
			);
			name = "teste-ios";
			productName = "teste-ios";
			productReference = 39586BF428A45BFC003775D2 /* teste-ios.app */;
			productType = "com.apple.product-type.application";
		};
/* End PBXNativeTarget section */

/* Begin PBXProject section */
		39586BEC28A45BFC003775D2 /* Project object */ = {
			isa = PBXProject;
			attributes = {
				BuildIndependentTargetsInParallel = 1;
				LastSwiftUpdateCheck = 1340;
				LastUpgradeCheck = 1340;
				TargetAttributes = {
					39586BF328A45BFC003775D2 = {
						CreatedOnToolsVersion = 13.4.1;
					};
				};
			};
			buildConfigurationList = 39586BEF28A45BFC003775D2 /* Build configuration list for PBXProject "teste-ios" */;
			compatibilityVersion = "Xcode 13.0";
			developmentRegion = en;
			hasScannedForEncodings = 0;
			knownRegions = (
				en,
				Base,
			);
			mainGroup = 39586BEB28A45BFC003775D2;
			productRefGroup = 39586BF528A45BFC003775D2 /* Products */;
			projectDirPath = "";
			projectRoot = "";
			targets = (
				39586BF328A45BFC003775D2 /* teste-ios */,
			);
		};
/* End PBXProject section */

/* Begin PBXResourcesBuildPhase section */
		39586BF228A45BFC003775D2 /* Resources */ = {
			isa = PBXResourcesBuildPhase;
			buildActionMask = 2147483647;
			files = (
				39586C0428A45C01003775D2 /* LaunchScreen.storyboard in Resources */,
				39586C0128A45C01003775D2 /* Assets.xcassets in Resources */,
				39586BFF28A45BFC003775D2 /* Main.storyboard in Resources */,
			);
			runOnlyForDeploymentPostprocessing = 0;
		};
/* End PBXResourcesBuildPhase section */

/* Begin PBXSourcesBuildPhase section */
		39586BF028A45BFC003775D2 /* Sources */ = {
			isa = PBXSourcesBuildPhase;
			buildActionMask = 2147483647;
			files = (
				39586BFC28A45BFC003775D2 /* ViewController.swift in Sources */,
				39586C1A28A4ADF3003775D2 /* ArticleInteractor.swift in Sources */,
				39586C0F28A4AD89003775D2 /* HomeView.swift in Sources */,
				39586C1E28A4AF38003775D2 /* ArticleCoordinator.swift in Sources */,
				39586C1828A4ADDA003775D2 /* ArticleView.swift in Sources */,
				39586BF828A45BFC003775D2 /* AppDelegate.swift in Sources */,
				39586C1328A4AD9C003775D2 /* HomePresenter.swift in Sources */,
				39586C1C28A4ADFA003775D2 /* ArticlePresenter.swift in Sources */,
				39586C1128A4AD94003775D2 /* HomeInteractor.swift in Sources */,
				39586BFA28A45BFC003775D2 /* SceneDelegate.swift in Sources */,
			);
			runOnlyForDeploymentPostprocessing = 0;
		};
/* End PBXSourcesBuildPhase section */

/* Begin PBXVariantGroup section */
		39586BFD28A45BFC003775D2 /* Main.storyboard */ = {
			isa = PBXVariantGroup;
			children = (
				39586BFE28A45BFC003775D2 /* Base */,
			);
			name = Main.storyboard;
			sourceTree = "<group>";
		};
		39586C0228A45C01003775D2 /* LaunchScreen.storyboard */ = {
			isa = PBXVariantGroup;
			children = (
				39586C0328A45C01003775D2 /* Base */,
			);
			name = LaunchScreen.storyboard;
			sourceTree = "<group>";
		};
/* End PBXVariantGroup section */

/* Begin XCBuildConfiguration section */
		39586C0628A45C01003775D2 /* Debug */ = {
			isa = XCBuildConfiguration;
			buildSettings = {
				ALWAYS_SEARCH_USER_PATHS = NO;
				CLANG_ANALYZER_NONNULL = YES;
				CLANG_ANALYZER_NUMBER_OBJECT_CONVERSION = YES_AGGRESSIVE;
				CLANG_CXX_LANGUAGE_STANDARD = "gnu++17";
				CLANG_ENABLE_MODULES = YES;
				CLANG_ENABLE_OBJC_ARC = YES;
				CLANG_ENABLE_OBJC_WEAK = YES;
				CLANG_WARN_BLOCK_CAPTURE_AUTORELEASING = YES;
				CLANG_WARN_BOOL_CONVERSION = YES;
				CLANG_WARN_COMMA = YES;
				CLANG_WARN_CONSTANT_CONVERSION = YES;
				CLANG_WARN_DEPRECATED_OBJC_IMPLEMENTATIONS = YES;
				CLANG_WARN_DIRECT_OBJC_ISA_USAGE = YES_ERROR;
				CLANG_WARN_DOCUMENTATION_COMMENTS = YES;
				CLANG_WARN_EMPTY_BODY = YES;
				CLANG_WARN_ENUM_CONVERSION = YES;
				CLANG_WARN_INFINITE_RECURSION = YES;
				CLANG_WARN_INT_CONVERSION = YES;
				CLANG_WARN_NON_LITERAL_NULL_CONVERSION = YES;
				CLANG_WARN_OBJC_IMPLICIT_RETAIN_SELF = YES;
				CLANG_WARN_OBJC_LITERAL_CONVERSION = YES;
				CLANG_WARN_OBJC_ROOT_CLASS = YES_ERROR;
				CLANG_WARN_QUOTED_INCLUDE_IN_FRAMEWORK_HEADER = YES;
				CLANG_WARN_RANGE_LOOP_ANALYSIS = YES;
				CLANG_WARN_STRICT_PROTOTYPES = YES;
				CLANG_WARN_SUSPICIOUS_MOVE = YES;
				CLANG_WARN_UNGUARDED_AVAILABILITY = YES_AGGRESSIVE;
				CLANG_WARN_UNREACHABLE_CODE = YES;
				CLANG_WARN__DUPLICATE_METHOD_MATCH = YES;
				COPY_PHASE_STRIP = NO;
				DEBUG_INFORMATION_FORMAT = dwarf;
				ENABLE_STRICT_OBJC_MSGSEND = YES;
				ENABLE_TESTABILITY = YES;
				GCC_C_LANGUAGE_STANDARD = gnu11;
				GCC_DYNAMIC_NO_PIC = NO;
				GCC_NO_COMMON_BLOCKS = YES;
				GCC_OPTIMIZATION_LEVEL = 0;
				GCC_PREPROCESSOR_DEFINITIONS = (
					"DEBUG=1",
					"$(inherited)",
				);
				GCC_WARN_64_TO_32_BIT_CONVERSION = YES;
				GCC_WARN_ABOUT_RETURN_TYPE = YES_ERROR;
				GCC_WARN_UNDECLARED_SELECTOR = YES;
				GCC_WARN_UNINITIALIZED_AUTOS = YES_AGGRESSIVE;
				GCC_WARN_UNUSED_FUNCTION = YES;
				GCC_WARN_UNUSED_VARIABLE = YES;
				IPHONEOS_DEPLOYMENT_TARGET = 15.5;
				MTL_ENABLE_DEBUG_INFO = INCLUDE_SOURCE;
				MTL_FAST_MATH = YES;
				ONLY_ACTIVE_ARCH = YES;
				SDKROOT = iphoneos;
				SWIFT_ACTIVE_COMPILATION_CONDITIONS = DEBUG;
				SWIFT_OPTIMIZATION_LEVEL = "-Onone";
			};
			name = Debug;
		};
		39586C0728A45C01003775D2 /* Release */ = {
			isa = XCBuildConfiguration;
			buildSettings = {
				ALWAYS_SEARCH_USER_PATHS = NO;
				CLANG_ANALYZER_NONNULL = YES;
				CLANG_ANALYZER_NUMBER_OBJECT_CONVERSION = YES_AGGRESSIVE;
				CLANG_CXX_LANGUAGE_STANDARD = "gnu++17";
				CLANG_ENABLE_MODULES = YES;
				CLANG_ENABLE_OBJC_ARC = YES;
				CLANG_ENABLE_OBJC_WEAK = YES;
				CLANG_WARN_BLOCK_CAPTURE_AUTORELEASING = YES;
				CLANG_WARN_BOOL_CONVERSION = YES;
				CLANG_WARN_COMMA = YES;
				CLANG_WARN_CONSTANT_CONVERSION = YES;
				CLANG_WARN_DEPRECATED_OBJC_IMPLEMENTATIONS = YES;
				CLANG_WARN_DIRECT_OBJC_ISA_USAGE = YES_ERROR;
				CLANG_WARN_DOCUMENTATION_COMMENTS = YES;
				CLANG_WARN_EMPTY_BODY = YES;
				CLANG_WARN_ENUM_CONVERSION = YES;
				CLANG_WARN_INFINITE_RECURSION = YES;
				CLANG_WARN_INT_CONVERSION = YES;
				CLANG_WARN_NON_LITERAL_NULL_CONVERSION = YES;
				CLANG_WARN_OBJC_IMPLICIT_RETAIN_SELF = YES;
				CLANG_WARN_OBJC_LITERAL_CONVERSION = YES;
				CLANG_WARN_OBJC_ROOT_CLASS = YES_ERROR;
				CLANG_WARN_QUOTED_INCLUDE_IN_FRAMEWORK_HEADER = YES;
				CLANG_WARN_RANGE_LOOP_ANALYSIS = YES;
				CLANG_WARN_STRICT_PROTOTYPES = YES;
				CLANG_WARN_SUSPICIOUS_MOVE = YES;
				CLANG_WARN_UNGUARDED_AVAILABILITY = YES_AGGRESSIVE;
				CLANG_WARN_UNREACHABLE_CODE = YES;
				CLANG_WARN__DUPLICATE_METHOD_MATCH = YES;
				COPY_PHASE_STRIP = NO;
				DEBUG_INFORMATION_FORMAT = "dwarf-with-dsym";
				ENABLE_NS_ASSERTIONS = NO;
				ENABLE_STRICT_OBJC_MSGSEND = YES;
				GCC_C_LANGUAGE_STANDARD = gnu11;
				GCC_NO_COMMON_BLOCKS = YES;
				GCC_WARN_64_TO_32_BIT_CONVERSION = YES;
				GCC_WARN_ABOUT_RETURN_TYPE = YES_ERROR;
				GCC_WARN_UNDECLARED_SELECTOR = YES;
				GCC_WARN_UNINITIALIZED_AUTOS = YES_AGGRESSIVE;
				GCC_WARN_UNUSED_FUNCTION = YES;
				GCC_WARN_UNUSED_VARIABLE = YES;
				IPHONEOS_DEPLOYMENT_TARGET = 15.5;
				MTL_ENABLE_DEBUG_INFO = NO;
				MTL_FAST_MATH = YES;
				SDKROOT = iphoneos;
				SWIFT_COMPILATION_MODE = wholemodule;
				SWIFT_OPTIMIZATION_LEVEL = "-O";
				VALIDATE_PRODUCT = YES;
			};
			name = Release;
		};
		39586C0928A45C01003775D2 /* Debug */ = {
			isa = XCBuildConfiguration;
			buildSettings = {
				ASSETCATALOG_COMPILER_APPICON_NAME = AppIcon;
				ASSETCATALOG_COMPILER_GLOBAL_ACCENT_COLOR_NAME = AccentColor;
				CODE_SIGN_STYLE = Automatic;
				CURRENT_PROJECT_VERSION = 1;
				DEVELOPMENT_TEAM = 6VK3DVAF4J;
				GENERATE_INFOPLIST_FILE = YES;
				INFOPLIST_FILE = "teste-ios/Info.plist";
				INFOPLIST_KEY_UIApplicationSupportsIndirectInputEvents = YES;
				INFOPLIST_KEY_UILaunchStoryboardName = LaunchScreen;
				INFOPLIST_KEY_UIMainStoryboardFile = Main;
				INFOPLIST_KEY_UISupportedInterfaceOrientations_iPad = "UIInterfaceOrientationPortrait UIInterfaceOrientationPortraitUpsideDown UIInterfaceOrientationLandscapeLeft UIInterfaceOrientationLandscapeRight";
				INFOPLIST_KEY_UISupportedInterfaceOrientations_iPhone = "UIInterfaceOrientationPortrait UIInterfaceOrientationLandscapeLeft UIInterfaceOrientationLandscapeRight";
				LD_RUNPATH_SEARCH_PATHS = (
					"$(inherited)",
					"@executable_path/Frameworks",
				);
				MARKETING_VERSION = 1.0;
				PRODUCT_BUNDLE_IDENTIFIER = "salessoftwarehouse.teste-ios";
				PRODUCT_NAME = "$(TARGET_NAME)";
				SWIFT_EMIT_LOC_STRINGS = YES;
				SWIFT_VERSION = 5.0;
				TARGETED_DEVICE_FAMILY = "1,2";
			};
			name = Debug;
		};
		39586C0A28A45C01003775D2 /* Release */ = {
			isa = XCBuildConfiguration;
			buildSettings = {
				ASSETCATALOG_COMPILER_APPICON_NAME = AppIcon;
				ASSETCATALOG_COMPILER_GLOBAL_ACCENT_COLOR_NAME = AccentColor;
				CODE_SIGN_STYLE = Automatic;
				CURRENT_PROJECT_VERSION = 1;
				DEVELOPMENT_TEAM = 6VK3DVAF4J;
				GENERATE_INFOPLIST_FILE = YES;
				INFOPLIST_FILE = "teste-ios/Info.plist";
				INFOPLIST_KEY_UIApplicationSupportsIndirectInputEvents = YES;
				INFOPLIST_KEY_UILaunchStoryboardName = LaunchScreen;
				INFOPLIST_KEY_UIMainStoryboardFile = Main;
				INFOPLIST_KEY_UISupportedInterfaceOrientations_iPad = "UIInterfaceOrientationPortrait UIInterfaceOrientationPortraitUpsideDown UIInterfaceOrientationLandscapeLeft UIInterfaceOrientationLandscapeRight";
				INFOPLIST_KEY_UISupportedInterfaceOrientations_iPhone = "UIInterfaceOrientationPortrait UIInterfaceOrientationLandscapeLeft UIInterfaceOrientationLandscapeRight";
				LD_RUNPATH_SEARCH_PATHS = (
					"$(inherited)",
					"@executable_path/Frameworks",
				);
				MARKETING_VERSION = 1.0;
				PRODUCT_BUNDLE_IDENTIFIER = "salessoftwarehouse.teste-ios";
				PRODUCT_NAME = "$(TARGET_NAME)";
				SWIFT_EMIT_LOC_STRINGS = YES;
				SWIFT_VERSION = 5.0;
				TARGETED_DEVICE_FAMILY = "1,2";
			};
			name = Release;
		};
/* End XCBuildConfiguration section */

/* Begin XCConfigurationList section */
		39586BEF28A45BFC003775D2 /* Build configuration list for PBXProject "teste-ios" */ = {
			isa = XCConfigurationList;
			buildConfigurations = (
				39586C0628A45C01003775D2 /* Debug */,
				39586C0728A45C01003775D2 /* Release */,
			);
			defaultConfigurationIsVisible = 0;
			defaultConfigurationName = Release;
		};
		39586C0828A45C01003775D2 /* Build configuration list for PBXNativeTarget "teste-ios" */ = {
			isa = XCConfigurationList;
			buildConfigurations = (
				39586C0928A45C01003775D2 /* Debug */,
				39586C0A28A45C01003775D2 /* Release */,
			);
			defaultConfigurationIsVisible = 0;
			defaultConfigurationName = Release;
		};
/* End XCConfigurationList section */
	};
	rootObject = 39586BEC28A45BFC003775D2 /* Project object */;
}
